
Microsoft Visual Studio Solution File, Format Version 12.00
# Visual Studio 2012
Project("{FAE04EC0-301F-11D3-BF4B-00C04F79EFBC}") = "EjercicioThreads", "EjercicioThreads\EjercicioThreads.csproj", "{6CE49A8D-B63A-4243-BE58-0A5BCF04D64C}"
EndProject
Global
	GlobalSection(SolutionConfigurationPlatforms) = preSolution
		Debug|Any CPU = Debug|Any CPU
		Release|Any CPU = Release|Any CPU
	EndGlobalSection
	GlobalSection(ProjectConfigurationPlatforms) = postSolution
		{6CE49A8D-B63A-4243-BE58-0A5BCF04D64C}.Debug|Any CPU.ActiveCfg = Debug|Any CPU
		{6CE49A8D-B63A-4243-BE58-0A5BCF04D64C}.Debug|Any CPU.Build.0 = Debug|Any CPU
		{6CE49A8D-B63A-4243-BE58-0A5BCF04D64C}.Release|Any CPU.ActiveCfg = Release|Any CPU
		{6CE49A8D-B63A-4243-BE58-0A5BCF04D64C}.Release|Any CPU.Build.0 = Release|Any CPU
	EndGlobalSection
	GlobalSection(SolutionProperties) = preSolution
		HideSolutionNode = FALSE
	EndGlobalSection
EndGlobal
